
Microsoft Visual Studio Solution File, Format Version 12.00
# Visual Studio Version 17
VisualStudioVersion = 17.10.34928.147
MinimumVisualStudioVersion = 10.0.40219.1
Project("{2150E333-8FDC-42A3-9474-1A3956D46DE8}") = "FrontEnd", "FrontEnd", "{A5E3AC23-8D33-4358-AD2A-AADE4E4AD66D}"
EndProject
Project("{2150E333-8FDC-42A3-9474-1A3956D46DE8}") = "Gateway", "Gateway", "{68E62472-521A-4C21-B3A4-2EEA50D16CCC}"
EndProject
Project("{2150E333-8FDC-42A3-9474-1A3956D46DE8}") = "Services", "Services", "{1C4E955D-2F8C-4A59-AF0D-3B3B98AD5A0C}"
EndProject
Project("{2150E333-8FDC-42A3-9474-1A3956D46DE8}") = "Integration", "Integration", "{202F7D70-8477-4AEF-A4A8-E0575E35C744}"
EndProject
Project("{9A19103F-16F7-4668-BE54-9A1E7A4F7556}") = "Mango.Services.CouponAPI", "Mango.Services.CouponAPI\Mango.Services.CouponAPI.csproj", "{C6915B2B-4448-4E7E-B717-852082DF1989}"
EndProject
Project("{9A19103F-16F7-4668-BE54-9A1E7A4F7556}") = "Mango.Web", "Mango.Web\Mango.Web.csproj", "{C26CEA19-A4C3-415F-8951-AF264911D587}"
EndProject
Project("{9A19103F-16F7-4668-BE54-9A1E7A4F7556}") = "Mango.Services.AuthAPI", "Mango.Services.AuthAPI\Mango.Services.AuthAPI.csproj", "{A72AFE0B-5A9F-41C3-8742-27FD84D96761}"
EndProject
Project("{9A19103F-16F7-4668-BE54-9A1E7A4F7556}") = "Mango.ServicesProductAPI", "Mango.ServicesProductAPI\Mango.ServicesProductAPI.csproj", "{55B546C9-7747-4FA7-9D44-0A1A4303D434}"
EndProject
Project("{9A19103F-16F7-4668-BE54-9A1E7A4F7556}") = "Mango.Services.ShoppingCartAPI", "Mango.Services.ShoppingCartAPI\Mango.Services.ShoppingCartAPI.csproj", "{03BAB771-4394-4ED3-A596-4699C40024E6}"
EndProject
Project("{9A19103F-16F7-4668-BE54-9A1E7A4F7556}") = "Mango.MessageBus", "Mango.MessageBus\Mango.MessageBus.csproj", "{47C16C67-B2FD-4965-B5BD-4ECFBF510B05}"
EndProject
Project("{9A19103F-16F7-4668-BE54-9A1E7A4F7556}") = "Mango.Services.EmailAPI", "Mango.Services.EmailAPI\Mango.Services.EmailAPI.csproj", "{130ECB21-6F48-4754-84EF-A812BD94E4CA}"
EndProject
Project("{9A19103F-16F7-4668-BE54-9A1E7A4F7556}") = "Mango.Services.OrderAPI", "Mango.Services.OrderAPI\Mango.Services.OrderAPI.csproj", "{47B879E1-D596-4AEC-81D2-EE327EA07790}"
EndProject
Project("{FAE04EC0-301F-11D3-BF4B-00C04F79EFBC}") = "Mango.Services.RewardAPI", "Mango.Services.RewardAPI\Mango.Services.RewardAPI.csproj", "{2330E172-F580-487C-83DA-C85A5D3D0198}"
EndProject
Global
	GlobalSection(SolutionConfigurationPlatforms) = preSolution
		Debug|Any CPU = Debug|Any CPU
		Release|Any CPU = Release|Any CPU
	EndGlobalSection
	GlobalSection(ProjectConfigurationPlatforms) = postSolution
		{C6915B2B-4448-4E7E-B717-852082DF1989}.Debug|Any CPU.ActiveCfg = Debug|Any CPU
		{C6915B2B-4448-4E7E-B717-852082DF1989}.Debug|Any CPU.Build.0 = Debug|Any CPU
		{C6915B2B-4448-4E7E-B717-852082DF1989}.Release|Any CPU.ActiveCfg = Release|Any CPU
		{C6915B2B-4448-4E7E-B717-852082DF1989}.Release|Any CPU.Build.0 = Release|Any CPU
		{C26CEA19-A4C3-415F-8951-AF264911D587}.Debug|Any CPU.ActiveCfg = Debug|Any CPU
		{C26CEA19-A4C3-415F-8951-AF264911D587}.Debug|Any CPU.Build.0 = Debug|Any CPU
		{C26CEA19-A4C3-415F-8951-AF264911D587}.Release|Any CPU.ActiveCfg = Release|Any CPU
		{C26CEA19-A4C3-415F-8951-AF264911D587}.Release|Any CPU.Build.0 = Release|Any CPU
		{A72AFE0B-5A9F-41C3-8742-27FD84D96761}.Debug|Any CPU.ActiveCfg = Debug|Any CPU
		{A72AFE0B-5A9F-41C3-8742-27FD84D96761}.Debug|Any CPU.Build.0 = Debug|Any CPU
		{A72AFE0B-5A9F-41C3-8742-27FD84D96761}.Release|Any CPU.ActiveCfg = Release|Any CPU
		{A72AFE0B-5A9F-41C3-8742-27FD84D96761}.Release|Any CPU.Build.0 = Release|Any CPU
		{55B546C9-7747-4FA7-9D44-0A1A4303D434}.Debug|Any CPU.ActiveCfg = Debug|Any CPU
		{55B546C9-7747-4FA7-9D44-0A1A4303D434}.Debug|Any CPU.Build.0 = Debug|Any CPU
		{55B546C9-7747-4FA7-9D44-0A1A4303D434}.Release|Any CPU.ActiveCfg = Release|Any CPU
		{55B546C9-7747-4FA7-9D44-0A1A4303D434}.Release|Any CPU.Build.0 = Release|Any CPU
		{03BAB771-4394-4ED3-A596-4699C40024E6}.Debug|Any CPU.ActiveCfg = Debug|Any CPU
		{03BAB771-4394-4ED3-A596-4699C40024E6}.Debug|Any CPU.Build.0 = Debug|Any CPU
		{03BAB771-4394-4ED3-A596-4699C40024E6}.Release|Any CPU.ActiveCfg = Release|Any CPU
		{03BAB771-4394-4ED3-A596-4699C40024E6}.Release|Any CPU.Build.0 = Release|Any CPU
		{47C16C67-B2FD-4965-B5BD-4ECFBF510B05}.Debug|Any CPU.ActiveCfg = Debug|Any CPU
		{47C16C67-B2FD-4965-B5BD-4ECFBF510B05}.Debug|Any CPU.Build.0 = Debug|Any CPU
		{47C16C67-B2FD-4965-B5BD-4ECFBF510B05}.Release|Any CPU.ActiveCfg = Release|Any CPU
		{47C16C67-B2FD-4965-B5BD-4ECFBF510B05}.Release|Any CPU.Build.0 = Release|Any CPU
		{130ECB21-6F48-4754-84EF-A812BD94E4CA}.Debug|Any CPU.ActiveCfg = Debug|Any CPU
		{130ECB21-6F48-4754-84EF-A812BD94E4CA}.Debug|Any CPU.Build.0 = Debug|Any CPU
		{130ECB21-6F48-4754-84EF-A812BD94E4CA}.Release|Any CPU.ActiveCfg = Release|Any CPU
		{130ECB21-6F48-4754-84EF-A812BD94E4CA}.Release|Any CPU.Build.0 = Release|Any CPU
		{47B879E1-D596-4AEC-81D2-EE327EA07790}.Debug|Any CPU.ActiveCfg = Debug|Any CPU
		{47B879E1-D596-4AEC-81D2-EE327EA07790}.Debug|Any CPU.Build.0 = Debug|Any CPU
		{47B879E1-D596-4AEC-81D2-EE327EA07790}.Release|Any CPU.ActiveCfg = Release|Any CPU
		{47B879E1-D596-4AEC-81D2-EE327EA07790}.Release|Any CPU.Build.0 = Release|Any CPU
		{2330E172-F580-487C-83DA-C85A5D3D0198}.Debug|Any CPU.ActiveCfg = Debug|Any CPU
		{2330E172-F580-487C-83DA-C85A5D3D0198}.Debug|Any CPU.Build.0 = Debug|Any CPU
		{2330E172-F580-487C-83DA-C85A5D3D0198}.Release|Any CPU.ActiveCfg = Release|Any CPU
		{2330E172-F580-487C-83DA-C85A5D3D0198}.Release|Any CPU.Build.0 = Release|Any CPU
	EndGlobalSection
	GlobalSection(SolutionProperties) = preSolution
		HideSolutionNode = FALSE
	EndGlobalSection
	GlobalSection(NestedProjects) = preSolution
		{C6915B2B-4448-4E7E-B717-852082DF1989} = {1C4E955D-2F8C-4A59-AF0D-3B3B98AD5A0C}
		{C26CEA19-A4C3-415F-8951-AF264911D587} = {A5E3AC23-8D33-4358-AD2A-AADE4E4AD66D}
		{A72AFE0B-5A9F-41C3-8742-27FD84D96761} = {1C4E955D-2F8C-4A59-AF0D-3B3B98AD5A0C}
		{55B546C9-7747-4FA7-9D44-0A1A4303D434} = {1C4E955D-2F8C-4A59-AF0D-3B3B98AD5A0C}
		{03BAB771-4394-4ED3-A596-4699C40024E6} = {1C4E955D-2F8C-4A59-AF0D-3B3B98AD5A0C}
		{47C16C67-B2FD-4965-B5BD-4ECFBF510B05} = {202F7D70-8477-4AEF-A4A8-E0575E35C744}
		{130ECB21-6F48-4754-84EF-A812BD94E4CA} = {1C4E955D-2F8C-4A59-AF0D-3B3B98AD5A0C}
		{47B879E1-D596-4AEC-81D2-EE327EA07790} = {1C4E955D-2F8C-4A59-AF0D-3B3B98AD5A0C}
		{2330E172-F580-487C-83DA-C85A5D3D0198} = {1C4E955D-2F8C-4A59-AF0D-3B3B98AD5A0C}
	EndGlobalSection
	GlobalSection(ExtensibilityGlobals) = postSolution
		SolutionGuid = {B66FE94C-084F-4483-B0CE-8A64D31CD91E}
	EndGlobalSection
EndGlobal
